// !$*UTF8*$!
{
	archiveVersion = 1;
	classes = {
	};
	objectVersion = 55;
	objects = {

/* Begin PBXBuildFile section */
		7E6E75062810164A00DE4BA4 /* SLOOPApp.swift in Sources */ = {isa = PBXBuildFile; fileRef = 7E6E75052810164A00DE4BA4 /* SLOOPApp.swift */; };
		7E6E75082810164A00DE4BA4 /* ContentView.swift in Sources */ = {isa = PBXBuildFile; fileRef = 7E6E75072810164A00DE4BA4 /* ContentView.swift */; };
		7E6E750A2810164B00DE4BA4 /* Assets.xcassets in Resources */ = {isa = PBXBuildFile; fileRef = 7E6E75092810164B00DE4BA4 /* Assets.xcassets */; };
		7E6E750D2810164B00DE4BA4 /* Preview Assets.xcassets in Resources */ = {isa = PBXBuildFile; fileRef = 7E6E750C2810164B00DE4BA4 /* Preview Assets.xcassets */; };
		7E6E75172810164B00DE4BA4 /* SLOOPTests.swift in Sources */ = {isa = PBXBuildFile; fileRef = 7E6E75162810164B00DE4BA4 /* SLOOPTests.swift */; };
		7E6E75212810164B00DE4BA4 /* SLOOPUITests.swift in Sources */ = {isa = PBXBuildFile; fileRef = 7E6E75202810164B00DE4BA4 /* SLOOPUITests.swift */; };
		7E6E75232810164B00DE4BA4 /* SLOOPUITestsLaunchTests.swift in Sources */ = {isa = PBXBuildFile; fileRef = 7E6E75222810164B00DE4BA4 /* SLOOPUITestsLaunchTests.swift */; };
/* End PBXBuildFile section */

/* Begin PBXContainerItemProxy section */
		7E6E75132810164B00DE4BA4 /* PBXContainerItemProxy */ = {
			isa = PBXContainerItemProxy;
			containerPortal = 7E6E74FA2810164900DE4BA4 /* Project object */;
			proxyType = 1;
			remoteGlobalIDString = 7E6E75012810164A00DE4BA4;
			remoteInfo = SLOOP;
		};
		7E6E751D2810164B00DE4BA4 /* PBXContainerItemProxy */ = {
			isa = PBXContainerItemProxy;
			containerPortal = 7E6E74FA2810164900DE4BA4 /* Project object */;
			proxyType = 1;
			remoteGlobalIDString = 7E6E75012810164A00DE4BA4;
			remoteInfo = SLOOP;
		};
/* End PBXContainerItemProxy section */

/* Begin PBXFileReference section */
		7E6E75022810164A00DE4BA4 /* SLOOP.app */ = {isa = PBXFileReference; explicitFileType = wrapper.application; includeInIndex = 0; path = SLOOP.app; sourceTree = BUILT_PRODUCTS_DIR; };
		7E6E75052810164A00DE4BA4 /* SLOOPApp.swift */ = {isa = PBXFileReference; lastKnownFileType = sourcecode.swift; path = SLOOPApp.swift; sourceTree = "<group>"; };
		7E6E75072810164A00DE4BA4 /* ContentView.swift */ = {isa = PBXFileReference; lastKnownFileType = sourcecode.swift; path = ContentView.swift; sourceTree = "<group>"; };
		7E6E75092810164B00DE4BA4 /* Assets.xcassets */ = {isa = PBXFileReference; lastKnownFileType = folder.assetcatalog; path = Assets.xcassets; sourceTree = "<group>"; };
		7E6E750C2810164B00DE4BA4 /* Preview Assets.xcassets */ = {isa = PBXFileReference; lastKnownFileType = folder.assetcatalog; path = "Preview Assets.xcassets"; sourceTree = "<group>"; };
		7E6E75122810164B00DE4BA4 /* SLOOPTests.xctest */ = {isa = PBXFileReference; explicitFileType = wrapper.cfbundle; includeInIndex = 0; path = SLOOPTests.xctest; sourceTree = BUILT_PRODUCTS_DIR; };
		7E6E75162810164B00DE4BA4 /* SLOOPTests.swift */ = {isa = PBXFileReference; lastKnownFileType = sourcecode.swift; path = SLOOPTests.swift; sourceTree = "<group>"; };
		7E6E751C2810164B00DE4BA4 /* SLOOPUITests.xctest */ = {isa = PBXFileReference; explicitFileType = wrapper.cfbundle; includeInIndex = 0; path = SLOOPUITests.xctest; sourceTree = BUILT_PRODUCTS_DIR; };
		7E6E75202810164B00DE4BA4 /* SLOOPUITests.swift */ = {isa = PBXFileReference; lastKnownFileType = sourcecode.swift; path = SLOOPUITests.swift; sourceTree = "<group>"; };
		7E6E75222810164B00DE4BA4 /* SLOOPUITestsLaunchTests.swift */ = {isa = PBXFileReference; lastKnownFileType = sourcecode.swift; path = SLOOPUITestsLaunchTests.swift; sourceTree = "<group>"; };
/* End PBXFileReference section */

/* Begin PBXFrameworksBuildPhase section */
		7E6E74FF2810164A00DE4BA4 /* Frameworks */ = {
			isa = PBXFrameworksBuildPhase;
			buildActionMask = 2147483647;
			files = (
			);
			runOnlyForDeploymentPostprocessing = 0;
		};
		7E6E750F2810164B00DE4BA4 /* Frameworks */ = {
			isa = PBXFrameworksBuildPhase;
			buildActionMask = 2147483647;
			files = (
			);
			runOnlyForDeploymentPostprocessing = 0;
		};
		7E6E75192810164B00DE4BA4 /* Frameworks */ = {
			isa = PBXFrameworksBuildPhase;
			buildActionMask = 2147483647;
			files = (
			);
			runOnlyForDeploymentPostprocessing = 0;
		};
/* End PBXFrameworksBuildPhase section */

/* Begin PBXGroup section */
		7E6E74F92810164900DE4BA4 = {
			isa = PBXGroup;
			children = (
				7E6E75042810164A00DE4BA4 /* SLOOP */,
				7E6E75152810164B00DE4BA4 /* SLOOPTests */,
				7E6E751F2810164B00DE4BA4 /* SLOOPUITests */,
				7E6E75032810164A00DE4BA4 /* Products */,
			);
			sourceTree = "<group>";
		};
		7E6E75032810164A00DE4BA4 /* Products */ = {
			isa = PBXGroup;
			children = (
				7E6E75022810164A00DE4BA4 /* SLOOP.app */,
				7E6E75122810164B00DE4BA4 /* SLOOPTests.xctest */,
				7E6E751C2810164B00DE4BA4 /* SLOOPUITests.xctest */,
			);
			name = Products;
			sourceTree = "<group>";
		};
		7E6E75042810164A00DE4BA4 /* SLOOP */ = {
			isa = PBXGroup;
			children = (
				7E6E75052810164A00DE4BA4 /* SLOOPApp.swift */,
				7E6E75072810164A00DE4BA4 /* ContentView.swift */,
				7E6E75092810164B00DE4BA4 /* Assets.xcassets */,
				7E6E750B2810164B00DE4BA4 /* Preview Content */,
			);
			path = SLOOP;
			sourceTree = "<group>";
		};
		7E6E750B2810164B00DE4BA4 /* Preview Content */ = {
			isa = PBXGroup;
			children = (
				7E6E750C2810164B00DE4BA4 /* Preview Assets.xcassets */,
			);
			path = "Preview Content";
			sourceTree = "<group>";
		};
		7E6E75152810164B00DE4BA4 /* SLOOPTests */ = {
			isa = PBXGroup;
			children = (
				7E6E75162810164B00DE4BA4 /* SLOOPTests.swift */,
			);
			path = SLOOPTests;
			sourceTree = "<group>";
		};
		7E6E751F2810164B00DE4BA4 /* SLOOPUITests */ = {
			isa = PBXGroup;
			children = (
				7E6E75202810164B00DE4BA4 /* SLOOPUITests.swift */,
				7E6E75222810164B00DE4BA4 /* SLOOPUITestsLaunchTests.swift */,
			);
			path = SLOOPUITests;
			sourceTree = "<group>";
		};
/* End PBXGroup section */

/* Begin PBXNativeTarget section */
		7E6E75012810164A00DE4BA4 /* SLOOP */ = {
			isa = PBXNativeTarget;
			buildConfigurationList = 7E6E75262810164B00DE4BA4 /* Build configuration list for PBXNativeTarget "SLOOP" */;
			buildPhases = (
				7E6E74FE2810164A00DE4BA4 /* Sources */,
				7E6E74FF2810164A00DE4BA4 /* Frameworks */,
				7E6E75002810164A00DE4BA4 /* Resources */,
			);
			buildRules = (
			);
			dependencies = (
			);
			name = SLOOP;
			productName = SLOOP;
			productReference = 7E6E75022810164A00DE4BA4 /* SLOOP.app */;
			productType = "com.apple.product-type.application";
		};
		7E6E75112810164B00DE4BA4 /* SLOOPTests */ = {
			isa = PBXNativeTarget;
			buildConfigurationList = 7E6E75292810164B00DE4BA4 /* Build configuration list for PBXNativeTarget "SLOOPTests" */;
			buildPhases = (
				7E6E750E2810164B00DE4BA4 /* Sources */,
				7E6E750F2810164B00DE4BA4 /* Frameworks */,
				7E6E75102810164B00DE4BA4 /* Resources */,
			);
			buildRules = (
			);
			dependencies = (
				7E6E75142810164B00DE4BA4 /* PBXTargetDependency */,
			);
			name = SLOOPTests;
			productName = SLOOPTests;
			productReference = 7E6E75122810164B00DE4BA4 /* SLOOPTests.xctest */;
			productType = "com.apple.product-type.bundle.unit-test";
		};
		7E6E751B2810164B00DE4BA4 /* SLOOPUITests */ = {
			isa = PBXNativeTarget;
			buildConfigurationList = 7E6E752C2810164B00DE4BA4 /* Build configuration list for PBXNativeTarget "SLOOPUITests" */;
			buildPhases = (
				7E6E75182810164B00DE4BA4 /* Sources */,
				7E6E75192810164B00DE4BA4 /* Frameworks */,
				7E6E751A2810164B00DE4BA4 /* Resources */,
			);
			buildRules = (
			);
			dependencies = (
				7E6E751E2810164B00DE4BA4 /* PBXTargetDependency */,
			);
			name = SLOOPUITests;
			productName = SLOOPUITests;
			productReference = 7E6E751C2810164B00DE4BA4 /* SLOOPUITests.xctest */;
			productType = "com.apple.product-type.bundle.ui-testing";
		};
/* End PBXNativeTarget section */

/* Begin PBXProject section */
		7E6E74FA2810164900DE4BA4 /* Project object */ = {
			isa = PBXProject;
			attributes = {
				BuildIndependentTargetsInParallel = 1;
				LastSwiftUpdateCheck = 1330;
				LastUpgradeCheck = 1330;
				TargetAttributes = {
					7E6E75012810164A00DE4BA4 = {
						CreatedOnToolsVersion = 13.3.1;
					};
					7E6E75112810164B00DE4BA4 = {
						CreatedOnToolsVersion = 13.3.1;
						TestTargetID = 7E6E75012810164A00DE4BA4;
					};
					7E6E751B2810164B00DE4BA4 = {
						CreatedOnToolsVersion = 13.3.1;
						TestTargetID = 7E6E75012810164A00DE4BA4;
					};
				};
			};
			buildConfigurationList = 7E6E74FD2810164900DE4BA4 /* Build configuration list for PBXProject "SLOOP" */;
			compatibilityVersion = "Xcode 13.0";
			developmentRegion = en;
			hasScannedForEncodings = 0;
			knownRegions = (
				en,
				Base,
			);
			mainGroup = 7E6E74F92810164900DE4BA4;
			productRefGroup = 7E6E75032810164A00DE4BA4 /* Products */;
			projectDirPath = "";
			projectRoot = "";
			targets = (
				7E6E75012810164A00DE4BA4 /* SLOOP */,
				7E6E75112810164B00DE4BA4 /* SLOOPTests */,
				7E6E751B2810164B00DE4BA4 /* SLOOPUITests */,
			);
		};
/* End PBXProject section */

/* Begin PBXResourcesBuildPhase section */
		7E6E75002810164A00DE4BA4 /* Resources */ = {
			isa = PBXResourcesBuildPhase;
			buildActionMask = 2147483647;
			files = (
				7E6E750D2810164B00DE4BA4 /* Preview Assets.xcassets in Resources */,
				7E6E750A2810164B00DE4BA4 /* Assets.xcassets in Resources */,
			);
			runOnlyForDeploymentPostprocessing = 0;
		};
		7E6E75102810164B00DE4BA4 /* Resources */ = {
			isa = PBXResourcesBuildPhase;
			buildActionMask = 2147483647;
			files = (
			);
			runOnlyForDeploymentPostprocessing = 0;
		};
		7E6E751A2810164B00DE4BA4 /* Resources */ = {
			isa = PBXResourcesBuildPhase;
			buildActionMask = 2147483647;
			files = (
			);
			runOnlyForDeploymentPostprocessing = 0;
		};
/* End PBXResourcesBuildPhase section */

/* Begin PBXSourcesBuildPhase section */
		7E6E74FE2810164A00DE4BA4 /* Sources */ = {
			isa = PBXSourcesBuildPhase;
			buildActionMask = 2147483647;
			files = (
				7E6E75082810164A00DE4BA4 /* ContentView.swift in Sources */,
				7E6E75062810164A00DE4BA4 /* SLOOPApp.swift in Sources */,
			);
			runOnlyForDeploymentPostprocessing = 0;
		};
		7E6E750E2810164B00DE4BA4 /* Sources */ = {
			isa = PBXSourcesBuildPhase;
			buildActionMask = 2147483647;
			files = (
				7E6E75172810164B00DE4BA4 /* SLOOPTests.swift in Sources */,
			);
			runOnlyForDeploymentPostprocessing = 0;
		};
		7E6E75182810164B00DE4BA4 /* Sources */ = {
			isa = PBXSourcesBuildPhase;
			buildActionMask = 2147483647;
			files = (
				7E6E75232810164B00DE4BA4 /* SLOOPUITestsLaunchTests.swift in Sources */,
				7E6E75212810164B00DE4BA4 /* SLOOPUITests.swift in Sources */,
			);
			runOnlyForDeploymentPostprocessing = 0;
		};
/* End PBXSourcesBuildPhase section */

/* Begin PBXTargetDependency section */
		7E6E75142810164B00DE4BA4 /* PBXTargetDependency */ = {
			isa = PBXTargetDependency;
			target = 7E6E75012810164A00DE4BA4 /* SLOOP */;
			targetProxy = 7E6E75132810164B00DE4BA4 /* PBXContainerItemProxy */;
		};
		7E6E751E2810164B00DE4BA4 /* PBXTargetDependency */ = {
			isa = PBXTargetDependency;
			target = 7E6E75012810164A00DE4BA4 /* SLOOP */;
			targetProxy = 7E6E751D2810164B00DE4BA4 /* PBXContainerItemProxy */;
		};
/* End PBXTargetDependency section */

/* Begin XCBuildConfiguration section */
		7E6E75242810164B00DE4BA4 /* Debug */ = {
			isa = XCBuildConfiguration;
			buildSettings = {
				ALWAYS_SEARCH_USER_PATHS = NO;
				CLANG_ANALYZER_NONNULL = YES;
				CLANG_ANALYZER_NUMBER_OBJECT_CONVERSION = YES_AGGRESSIVE;
				CLANG_CXX_LANGUAGE_STANDARD = "gnu++17";
				CLANG_ENABLE_MODULES = YES;
				CLANG_ENABLE_OBJC_ARC = YES;
				CLANG_ENABLE_OBJC_WEAK = YES;
				CLANG_WARN_BLOCK_CAPTURE_AUTORELEASING = YES;
				CLANG_WARN_BOOL_CONVERSION = YES;
				CLANG_WARN_COMMA = YES;
				CLANG_WARN_CONSTANT_CONVERSION = YES;
				CLANG_WARN_DEPRECATED_OBJC_IMPLEMENTATIONS = YES;
				CLANG_WARN_DIRECT_OBJC_ISA_USAGE = YES_ERROR;
				CLANG_WARN_DOCUMENTATION_COMMENTS = YES;
				CLANG_WARN_EMPTY_BODY = YES;
				CLANG_WARN_ENUM_CONVERSION = YES;
				CLANG_WARN_INFINITE_RECURSION = YES;
				CLANG_WARN_INT_CONVERSION = YES;
				CLANG_WARN_NON_LITERAL_NULL_CONVERSION = YES;
				CLANG_WARN_OBJC_IMPLICIT_RETAIN_SELF = YES;
				CLANG_WARN_OBJC_LITERAL_CONVERSION = YES;
				CLANG_WARN_OBJC_ROOT_CLASS = YES_ERROR;
				CLANG_WARN_QUOTED_INCLUDE_IN_FRAMEWORK_HEADER = YES;
				CLANG_WARN_RANGE_LOOP_ANALYSIS = YES;
				CLANG_WARN_STRICT_PROTOTYPES = YES;
				CLANG_WARN_SUSPICIOUS_MOVE = YES;
				CLANG_WARN_UNGUARDED_AVAILABILITY = YES_AGGRESSIVE;
				CLANG_WARN_UNREACHABLE_CODE = YES;
				CLANG_WARN__DUPLICATE_METHOD_MATCH = YES;
				COPY_PHASE_STRIP = NO;
				DEBUG_INFORMATION_FORMAT = dwarf;
				ENABLE_STRICT_OBJC_MSGSEND = YES;
				ENABLE_TESTABILITY = YES;
				GCC_C_LANGUAGE_STANDARD = gnu11;
				GCC_DYNAMIC_NO_PIC = NO;
				GCC_NO_COMMON_BLOCKS = YES;
				GCC_OPTIMIZATION_LEVEL = 0;
				GCC_PREPROCESSOR_DEFINITIONS = (
					"DEBUG=1",
					"$(inherited)",
				);
				GCC_WARN_64_TO_32_BIT_CONVERSION = YES;
				GCC_WARN_ABOUT_RETURN_TYPE = YES_ERROR;
				GCC_WARN_UNDECLARED_SELECTOR = YES;
				GCC_WARN_UNINITIALIZED_AUTOS = YES_AGGRESSIVE;
				GCC_WARN_UNUSED_FUNCTION = YES;
				GCC_WARN_UNUSED_VARIABLE = YES;
				IPHONEOS_DEPLOYMENT_TARGET = 15.4;
				MTL_ENABLE_DEBUG_INFO = INCLUDE_SOURCE;
				MTL_FAST_MATH = YES;
				ONLY_ACTIVE_ARCH = YES;
				SDKROOT = iphoneos;
				SWIFT_ACTIVE_COMPILATION_CONDITIONS = DEBUG;
				SWIFT_OPTIMIZATION_LEVEL = "-Onone";
			};
			name = Debug;
		};
		7E6E75252810164B00DE4BA4 /* Release */ = {
			isa = XCBuildConfiguration;
			buildSettings = {
				ALWAYS_SEARCH_USER_PATHS = NO;
				CLANG_ANALYZER_NONNULL = YES;
				CLANG_ANALYZER_NUMBER_OBJECT_CONVERSION = YES_AGGRESSIVE;
				CLANG_CXX_LANGUAGE_STANDARD = "gnu++17";
				CLANG_ENABLE_MODULES = YES;
				CLANG_ENABLE_OBJC_ARC = YES;
				CLANG_ENABLE_OBJC_WEAK = YES;
				CLANG_WARN_BLOCK_CAPTURE_AUTORELEASING = YES;
				CLANG_WARN_BOOL_CONVERSION = YES;
				CLANG_WARN_COMMA = YES;
				CLANG_WARN_CONSTANT_CONVERSION = YES;
				CLANG_WARN_DEPRECATED_OBJC_IMPLEMENTATIONS = YES;
				CLANG_WARN_DIRECT_OBJC_ISA_USAGE = YES_ERROR;
				CLANG_WARN_DOCUMENTATION_COMMENTS = YES;
				CLANG_WARN_EMPTY_BODY = YES;
				CLANG_WARN_ENUM_CONVERSION = YES;
				CLANG_WARN_INFINITE_RECURSION = YES;
				CLANG_WARN_INT_CONVERSION = YES;
				CLANG_WARN_NON_LITERAL_NULL_CONVERSION = YES;
				CLANG_WARN_OBJC_IMPLICIT_RETAIN_SELF = YES;
				CLANG_WARN_OBJC_LITERAL_CONVERSION = YES;
				CLANG_WARN_OBJC_ROOT_CLASS = YES_ERROR;
				CLANG_WARN_QUOTED_INCLUDE_IN_FRAMEWORK_HEADER = YES;
				CLANG_WARN_RANGE_LOOP_ANALYSIS = YES;
				CLANG_WARN_STRICT_PROTOTYPES = YES;
				CLANG_WARN_SUSPICIOUS_MOVE = YES;
				CLANG_WARN_UNGUARDED_AVAILABILITY = YES_AGGRESSIVE;
				CLANG_WARN_UNREACHABLE_CODE = YES;
				CLANG_WARN__DUPLICATE_METHOD_MATCH = YES;
				COPY_PHASE_STRIP = NO;
				DEBUG_INFORMATION_FORMAT = "dwarf-with-dsym";
				ENABLE_NS_ASSERTIONS = NO;
				ENABLE_STRICT_OBJC_MSGSEND = YES;
				GCC_C_LANGUAGE_STANDARD = gnu11;
				GCC_NO_COMMON_BLOCKS = YES;
				GCC_WARN_64_TO_32_BIT_CONVERSION = YES;
				GCC_WARN_ABOUT_RETURN_TYPE = YES_ERROR;
				GCC_WARN_UNDECLARED_SELECTOR = YES;
				GCC_WARN_UNINITIALIZED_AUTOS = YES_AGGRESSIVE;
				GCC_WARN_UNUSED_FUNCTION = YES;
				GCC_WARN_UNUSED_VARIABLE = YES;
				IPHONEOS_DEPLOYMENT_TARGET = 15.4;
				MTL_ENABLE_DEBUG_INFO = NO;
				MTL_FAST_MATH = YES;
				SDKROOT = iphoneos;
				SWIFT_COMPILATION_MODE = wholemodule;
				SWIFT_OPTIMIZATION_LEVEL = "-O";
				VALIDATE_PRODUCT = YES;
			};
			name = Release;
		};
		7E6E75272810164B00DE4BA4 /* Debug */ = {
			isa = XCBuildConfiguration;
			buildSettings = {
				ASSETCATALOG_COMPILER_APPICON_NAME = AppIcon;
				ASSETCATALOG_COMPILER_GLOBAL_ACCENT_COLOR_NAME = AccentColor;
				CODE_SIGN_STYLE = Automatic;
				CURRENT_PROJECT_VERSION = 1;
				DEVELOPMENT_ASSET_PATHS = "\"SLOOP/Preview Content\"";
				ENABLE_PREVIEWS = YES;
				GENERATE_INFOPLIST_FILE = YES;
				INFOPLIST_KEY_UIApplicationSceneManifest_Generation = YES;
				INFOPLIST_KEY_UIApplicationSupportsIndirectInputEvents = YES;
				INFOPLIST_KEY_UILaunchScreen_Generation = YES;
				INFOPLIST_KEY_UISupportedInterfaceOrientations_iPad = "UIInterfaceOrientationPortrait UIInterfaceOrientationPortraitUpsideDown UIInterfaceOrientationLandscapeLeft UIInterfaceOrientationLandscapeRight";
				INFOPLIST_KEY_UISupportedInterfaceOrientations_iPhone = "UIInterfaceOrientationPortrait UIInterfaceOrientationLandscapeLeft UIInterfaceOrientationLandscapeRight";
				LD_RUNPATH_SEARCH_PATHS = (
					"$(inherited)",
					"@executable_path/Frameworks",
				);
				MARKETING_VERSION = 1.0;
				PRODUCT_BUNDLE_IDENTIFIER = Wino.SLOOP;
				PRODUCT_NAME = "$(TARGET_NAME)";
				SWIFT_EMIT_LOC_STRINGS = YES;
				SWIFT_VERSION = 5.0;
				TARGETED_DEVICE_FAMILY = "1,2";
			};
			name = Debug;
		};
		7E6E75282810164B00DE4BA4 /* Release */ = {
			isa = XCBuildConfiguration;
			buildSettings = {
				ASSETCATALOG_COMPILER_APPICON_NAME = AppIcon;
				ASSETCATALOG_COMPILER_GLOBAL_ACCENT_COLOR_NAME = AccentColor;
				CODE_SIGN_STYLE = Automatic;
				CURRENT_PROJECT_VERSION = 1;
				DEVELOPMENT_ASSET_PATHS = "\"SLOOP/Preview Content\"";
				ENABLE_PREVIEWS = YES;
				GENERATE_INFOPLIST_FILE = YES;
				INFOPLIST_KEY_UIApplicationSceneManifest_Generation = YES;
				INFOPLIST_KEY_UIApplicationSupportsIndirectInputEvents = YES;
				INFOPLIST_KEY_UILaunchScreen_Generation = YES;
				INFOPLIST_KEY_UISupportedInterfaceOrientations_iPad = "UIInterfaceOrientationPortrait UIInterfaceOrientationPortraitUpsideDown UIInterfaceOrientationLandscapeLeft UIInterfaceOrientationLandscapeRight";
				INFOPLIST_KEY_UISupportedInterfaceOrientations_iPhone = "UIInterfaceOrientationPortrait UIInterfaceOrientationLandscapeLeft UIInterfaceOrientationLandscapeRight";
				LD_RUNPATH_SEARCH_PATHS = (
					"$(inherited)",
					"@executable_path/Frameworks",
				);
				MARKETING_VERSION = 1.0;
				PRODUCT_BUNDLE_IDENTIFIER = Wino.SLOOP;
				PRODUCT_NAME = "$(TARGET_NAME)";
				SWIFT_EMIT_LOC_STRINGS = YES;
				SWIFT_VERSION = 5.0;
				TARGETED_DEVICE_FAMILY = "1,2";
			};
			name = Release;
		};
		7E6E752A2810164B00DE4BA4 /* Debug */ = {
			isa = XCBuildConfiguration;
			buildSettings = {
				ALWAYS_EMBED_SWIFT_STANDARD_LIBRARIES = YES;
				BUNDLE_LOADER = "$(TEST_HOST)";
				CODE_SIGN_STYLE = Automatic;
				CURRENT_PROJECT_VERSION = 1;
				GENERATE_INFOPLIST_FILE = YES;
				IPHONEOS_DEPLOYMENT_TARGET = 15.4;
				MARKETING_VERSION = 1.0;
				PRODUCT_BUNDLE_IDENTIFIER = Wino.SLOOPTests;
				PRODUCT_NAME = "$(TARGET_NAME)";
				SWIFT_EMIT_LOC_STRINGS = NO;
				SWIFT_VERSION = 5.0;
				TARGETED_DEVICE_FAMILY = "1,2";
				TEST_HOST = "$(BUILT_PRODUCTS_DIR)/SLOOP.app/SLOOP";
			};
			name = Debug;
		};
		7E6E752B2810164B00DE4BA4 /* Release */ = {
			isa = XCBuildConfiguration;
			buildSettings = {
				ALWAYS_EMBED_SWIFT_STANDARD_LIBRARIES = YES;
				BUNDLE_LOADER = "$(TEST_HOST)";
				CODE_SIGN_STYLE = Automatic;
				CURRENT_PROJECT_VERSION = 1;
				GENERATE_INFOPLIST_FILE = YES;
				IPHONEOS_DEPLOYMENT_TARGET = 15.4;
				MARKETING_VERSION = 1.0;
				PRODUCT_BUNDLE_IDENTIFIER = Wino.SLOOPTests;
				PRODUCT_NAME = "$(TARGET_NAME)";
				SWIFT_EMIT_LOC_STRINGS = NO;
				SWIFT_VERSION = 5.0;
				TARGETED_DEVICE_FAMILY = "1,2";
				TEST_HOST = "$(BUILT_PRODUCTS_DIR)/SLOOP.app/SLOOP";
			};
			name = Release;
		};
		7E6E752D2810164B00DE4BA4 /* Debug */ = {
			isa = XCBuildConfiguration;
			buildSettings = {
				ALWAYS_EMBED_SWIFT_STANDARD_LIBRARIES = YES;
				CODE_SIGN_STYLE = Automatic;
				CURRENT_PROJECT_VERSION = 1;
				GENERATE_INFOPLIST_FILE = YES;
				MARKETING_VERSION = 1.0;
				PRODUCT_BUNDLE_IDENTIFIER = Wino.SLOOPUITests;
				PRODUCT_NAME = "$(TARGET_NAME)";
				SWIFT_EMIT_LOC_STRINGS = NO;
				SWIFT_VERSION = 5.0;
				TARGETED_DEVICE_FAMILY = "1,2";
				TEST_TARGET_NAME = SLOOP;
			};
			name = Debug;
		};
		7E6E752E2810164B00DE4BA4 /* Release */ = {
			isa = XCBuildConfiguration;
			buildSettings = {
				ALWAYS_EMBED_SWIFT_STANDARD_LIBRARIES = YES;
				CODE_SIGN_STYLE = Automatic;
				CURRENT_PROJECT_VERSION = 1;
				GENERATE_INFOPLIST_FILE = YES;
				MARKETING_VERSION = 1.0;
				PRODUCT_BUNDLE_IDENTIFIER = Wino.SLOOPUITests;
				PRODUCT_NAME = "$(TARGET_NAME)";
				SWIFT_EMIT_LOC_STRINGS = NO;
				SWIFT_VERSION = 5.0;
				TARGETED_DEVICE_FAMILY = "1,2";
				TEST_TARGET_NAME = SLOOP;
			};
			name = Release;
		};
/* End XCBuildConfiguration section */

/* Begin XCConfigurationList section */
		7E6E74FD2810164900DE4BA4 /* Build configuration list for PBXProject "SLOOP" */ = {
			isa = XCConfigurationList;
			buildConfigurations = (
				7E6E75242810164B00DE4BA4 /* Debug */,
				7E6E75252810164B00DE4BA4 /* Release */,
			);
			defaultConfigurationIsVisible = 0;
			defaultConfigurationName = Release;
		};
		7E6E75262810164B00DE4BA4 /* Build configuration list for PBXNativeTarget "SLOOP" */ = {
			isa = XCConfigurationList;
			buildConfigurations = (
				7E6E75272810164B00DE4BA4 /* Debug */,
				7E6E75282810164B00DE4BA4 /* Release */,
			);
			defaultConfigurationIsVisible = 0;
			defaultConfigurationName = Release;
		};
		7E6E75292810164B00DE4BA4 /* Build configuration list for PBXNativeTarget "SLOOPTests" */ = {
			isa = XCConfigurationList;
			buildConfigurations = (
				7E6E752A2810164B00DE4BA4 /* Debug */,
				7E6E752B2810164B00DE4BA4 /* Release */,
			);
			defaultConfigurationIsVisible = 0;
			defaultConfigurationName = Release;
		};
		7E6E752C2810164B00DE4BA4 /* Build configuration list for PBXNativeTarget "SLOOPUITests" */ = {
			isa = XCConfigurationList;
			buildConfigurations = (
				7E6E752D2810164B00DE4BA4 /* Debug */,
				7E6E752E2810164B00DE4BA4 /* Release */,
			);
			defaultConfigurationIsVisible = 0;
			defaultConfigurationName = Release;
		};
/* End XCConfigurationList section */
	};
	rootObject = 7E6E74FA2810164900DE4BA4 /* Project object */;
}
